{
  "version": 4,
  "terraform_version": "0.12.10",
  "serial": 21,
  "lineage": "cc705b03-4a49-9b3d-14da-71186cbdf4ea",
  "outputs": {
    "kubeone_api": {
      "value": {
        "endpoint": "udagram-app-api-lb-062af00b6217ba54.elb.eu-west-3.amazonaws.com"
      },
      "type": [
        "object",
        {
          "endpoint": "string"
        }
      ]
    },
    "kubeone_hosts": {
      "value": {
        "control_plane": {
          "cloud_provider": "aws",
          "cluster_name": "udagram-app",
          "hostnames": [
            "ip-172-31-4-140.eu-west-3.compute.internal",
            "ip-172-31-29-164.eu-west-3.compute.internal",
            "ip-172-31-43-111.eu-west-3.compute.internal"
          ],
          "private_address": [
            "172.31.4.140",
            "172.31.29.164",
            "172.31.43.111"
          ],
          "public_address": [
            "52.47.141.214",
            "35.181.58.103",
            "15.188.65.163"
          ],
          "ssh_agent_socket": "env:SSH_AUTH_SOCK",
          "ssh_port": 22,
          "ssh_private_key_file": "",
          "ssh_user": "ubuntu"
        }
      },
      "type": [
        "object",
        {
          "control_plane": [
            "object",
            {
              "cloud_provider": "string",
              "cluster_name": "string",
              "hostnames": [
                "tuple",
                [
                  "string",
                  "string",
                  "string"
                ]
              ],
              "private_address": [
                "tuple",
                [
                  "string",
                  "string",
                  "string"
                ]
              ],
              "public_address": [
                "tuple",
                [
                  "string",
                  "string",
                  "string"
                ]
              ],
              "ssh_agent_socket": "string",
              "ssh_port": "number",
              "ssh_private_key_file": "string",
              "ssh_user": "string"
            }
          ]
        }
      ]
    },
    "kubeone_workers": {
      "value": {
        "udagram-app-pool1": {
          "providerSpec": {
            "cloudProviderSpec": {
              "ami": "ami-06aaed47c3fb20f64",
              "availabilityZone": "eu-west-3a",
              "diskIops": 500,
              "diskSize": 50,
              "diskType": "gp2",
              "instanceProfile": "udagram-app-host",
              "instanceType": "t3.medium",
              "region": "eu-west-3",
              "securityGroupIDs": [
                "sg-09eb0046dd762ba95"
              ],
              "subnetId": "subnet-aec764c7",
              "tags": {
                "udagram-app-workers": "pool1"
              },
              "vpcId": "vpc-6359f80a"
            },
            "operatingSystem": "ubuntu",
            "operatingSystemSpec": {
              "distUpgradeOnBoot": false
            },
            "sshPublicKeys": [
              "ssh-rsa AAAAB3NzaC1yc2EAAAADAQABAAABAQDDT0R6KI7j5t8hsBiiw5mgRMwSjkuR8v/Pa5neLMGHsZkqZENHkAV8xxiFPrxJVIcwZquC01oan8z57VqE2qDr8IeO/IN684vofKMKtrTCBToaMMTuiZXjCjleHGWHWK5so2//bCW/HTkas8Ob8d3PdZh6IOAyAgtsc8CFvBrPnfJWmd73C+XrZkLxFvS3wmK6bXKv5JRK9m9fazGuKobMKmvaa1nv5C7WJqNW3W4+wm6ZwS3sUvXWojrZP/Uu35jypy4gwqsv0zZ3yz/3DhGXaeRk890ygzQF7DPJrJUtnHKAZhyBtMoMWsUb86c6G3YHbLDe7WgSf5jWuS9243r3 adipster@adipster-Predator-G3-710"
            ]
          },
          "replicas": 1
        }
      },
      "type": [
        "object",
        {
          "udagram-app-pool1": [
            "object",
            {
              "providerSpec": [
                "object",
                {
                  "cloudProviderSpec": [
                    "object",
                    {
                      "ami": "string",
                      "availabilityZone": "string",
                      "diskIops": "number",
                      "diskSize": "number",
                      "diskType": "string",
                      "instanceProfile": "string",
                      "instanceType": "string",
                      "region": "string",
                      "securityGroupIDs": [
                        "tuple",
                        [
                          "string"
                        ]
                      ],
                      "subnetId": "string",
                      "tags": [
                        "object",
                        {
                          "udagram-app-workers": "string"
                        }
                      ],
                      "vpcId": "string"
                    }
                  ],
                  "operatingSystem": "string",
                  "operatingSystemSpec": [
                    "object",
                    {
                      "distUpgradeOnBoot": "bool"
                    }
                  ],
                  "sshPublicKeys": [
                    "tuple",
                    [
                      "string"
                    ]
                  ]
                }
              ],
              "replicas": "number"
            }
          ]
        }
      ]
    }
  },
  "resources": [
    {
      "mode": "data",
      "type": "aws_ami",
      "name": "ubuntu",
      "provider": "provider.aws",
      "instances": [
        {
          "schema_version": 0,
          "attributes": {
            "architecture": "x86_64",
            "block_device_mappings": [
              {
                "device_name": "/dev/sda1",
                "ebs": {
                  "delete_on_termination": "true",
                  "encrypted": "false",
                  "iops": "0",
                  "snapshot_id": "snap-00d14051d743f93f0",
                  "volume_size": "8",
                  "volume_type": "gp2"
                },
                "no_device": "",
                "virtual_name": ""
              },
              {
                "device_name": "/dev/sdb",
                "ebs": {},
                "no_device": "",
                "virtual_name": "ephemeral0"
              },
              {
                "device_name": "/dev/sdc",
                "ebs": {},
                "no_device": "",
                "virtual_name": "ephemeral1"
              }
            ],
            "creation_date": "2019-10-10T22:14:09.000Z",
            "description": "Canonical, Ubuntu, 18.04 LTS, amd64 bionic image build on 2019-10-10",
            "executable_users": null,
            "filter": [
              {
                "name": "name",
                "values": [
                  "ubuntu/images/hvm-ssd/ubuntu-bionic-18.04-amd64-server-*"
                ]
              },
              {
                "name": "virtualization-type",
                "values": [
                  "hvm"
                ]
              }
            ],
            "hypervisor": "xen",
            "id": "ami-06aaed47c3fb20f64",
            "image_id": "ami-06aaed47c3fb20f64",
            "image_location": "099720109477/ubuntu/images/hvm-ssd/ubuntu-bionic-18.04-amd64-server-20191010",
            "image_owner_alias": null,
            "image_type": "machine",
            "kernel_id": null,
            "most_recent": true,
            "name": "ubuntu/images/hvm-ssd/ubuntu-bionic-18.04-amd64-server-20191010",
            "name_regex": null,
            "owner_id": "099720109477",
            "owners": [
              "099720109477"
            ],
            "platform": null,
            "product_codes": [],
            "public": true,
            "ramdisk_id": null,
            "root_device_name": "/dev/sda1",
            "root_device_type": "ebs",
            "root_snapshot_id": "snap-00d14051d743f93f0",
            "sriov_net_support": "simple",
            "state": "available",
            "state_reason": {
              "code": "UNSET",
              "message": "UNSET"
            },
            "tags": {},
            "virtualization_type": "hvm"
          }
        }
      ]
    },
    {
      "mode": "data",
      "type": "aws_availability_zones",
      "name": "available",
      "provider": "provider.aws",
      "instances": [
        {
          "schema_version": 0,
          "attributes": {
            "blacklisted_names": null,
            "blacklisted_zone_ids": null,
            "id": "2019-10-17 09:02:12.748220975 +0000 UTC",
            "names": [
              "eu-west-3a",
              "eu-west-3b",
              "eu-west-3c"
            ],
            "state": null,
            "zone_ids": [
              "euw3-az1",
              "euw3-az2",
              "euw3-az3"
            ]
          }
        }
      ]
    },
    {
      "mode": "data",
      "type": "aws_subnet",
      "name": "az_a",
      "provider": "provider.aws",
      "instances": [
        {
          "schema_version": 0,
          "attributes": {
            "arn": "arn:aws:ec2:eu-west-3:167203313274:subnet/subnet-aec764c7",
            "assign_ipv6_address_on_creation": false,
            "availability_zone": "eu-west-3a",
            "availability_zone_id": "euw3-az1",
            "cidr_block": "172.31.0.0/20",
            "default_for_az": true,
            "filter": null,
            "id": "subnet-aec764c7",
            "ipv6_cidr_block": null,
            "ipv6_cidr_block_association_id": null,
            "map_public_ip_on_launch": true,
            "owner_id": "167203313274",
            "state": "available",
            "tags": {},
            "vpc_id": "vpc-6359f80a"
          }
        }
      ]
    },
    {
      "mode": "data",
      "type": "aws_subnet",
      "name": "az_b",
      "provider": "provider.aws",
      "instances": [
        {
          "schema_version": 0,
          "attributes": {
            "arn": "arn:aws:ec2:eu-west-3:167203313274:subnet/subnet-60884d1b",
            "assign_ipv6_address_on_creation": false,
            "availability_zone": "eu-west-3b",
            "availability_zone_id": "euw3-az2",
            "cidr_block": "172.31.16.0/20",
            "default_for_az": true,
            "filter": null,
            "id": "subnet-60884d1b",
            "ipv6_cidr_block": null,
            "ipv6_cidr_block_association_id": null,
            "map_public_ip_on_launch": true,
            "owner_id": "167203313274",
            "state": "available",
            "tags": {},
            "vpc_id": "vpc-6359f80a"
          }
        }
      ]
    },
    {
      "mode": "data",
      "type": "aws_subnet",
      "name": "az_c",
      "provider": "provider.aws",
      "instances": [
        {
          "schema_version": 0,
          "attributes": {
            "arn": "arn:aws:ec2:eu-west-3:167203313274:subnet/subnet-142e315e",
            "assign_ipv6_address_on_creation": false,
            "availability_zone": "eu-west-3c",
            "availability_zone_id": "euw3-az3",
            "cidr_block": "172.31.32.0/20",
            "default_for_az": true,
            "filter": null,
            "id": "subnet-142e315e",
            "ipv6_cidr_block": null,
            "ipv6_cidr_block_association_id": null,
            "map_public_ip_on_launch": true,
            "owner_id": "167203313274",
            "state": "available",
            "tags": {},
            "vpc_id": "vpc-6359f80a"
          }
        }
      ]
    },
    {
      "mode": "data",
      "type": "aws_subnet_ids",
      "name": "default",
      "provider": "provider.aws",
      "instances": [
        {
          "schema_version": 0,
          "attributes": {
            "filter": null,
            "id": "vpc-6359f80a",
            "ids": [
              "subnet-142e315e",
              "subnet-60884d1b",
              "subnet-aec764c7"
            ],
            "tags": null,
            "vpc_id": "vpc-6359f80a"
          }
        }
      ]
    },
    {
      "mode": "managed",
      "type": "aws_default_vpc",
      "name": "default",
      "provider": "provider.aws",
      "instances": [
        {
          "schema_version": 1,
          "attributes": {
            "arn": "arn:aws:ec2:eu-west-3:167203313274:vpc/vpc-6359f80a",
            "assign_generated_ipv6_cidr_block": false,
            "cidr_block": "172.31.0.0/16",
            "default_network_acl_id": "acl-28ca6241",
            "default_route_table_id": "rtb-ef06b386",
            "default_security_group_id": "sg-4a9e1623",
            "dhcp_options_id": "dopt-f975d990",
            "enable_classiclink": null,
            "enable_classiclink_dns_support": null,
            "enable_dns_hostnames": true,
            "enable_dns_support": true,
            "id": "vpc-6359f80a",
            "instance_tenancy": "default",
            "ipv6_association_id": "",
            "ipv6_cidr_block": "",
            "main_route_table_id": "rtb-ef06b386",
            "owner_id": "167203313274",
            "tags": null
          },
          "private": "eyJzY2hlbWFfdmVyc2lvbiI6IjEifQ=="
        }
      ]
    },
    {
      "mode": "managed",
      "type": "aws_iam_instance_profile",
      "name": "profile",
      "provider": "provider.aws",
      "instances": [
        {
          "schema_version": 0,
          "attributes": {
            "arn": "arn:aws:iam::167203313274:instance-profile/udagram-app-host",
            "create_date": "2019-10-17T09:03:14Z",
            "id": "udagram-app-host",
            "name": "udagram-app-host",
            "name_prefix": null,
            "path": "/",
            "role": "udagram-app-host",
            "roles": [],
            "unique_id": "AIPASN3QYCZ5LRHEMVJNL"
          },
          "private": "bnVsbA==",
          "depends_on": [
            "aws_iam_role.role"
          ]
        }
      ]
    },
    {
      "mode": "managed",
      "type": "aws_iam_role",
      "name": "role",
      "provider": "provider.aws",
      "instances": [
        {
          "schema_version": 0,
          "attributes": {
            "arn": "arn:aws:iam::167203313274:role/udagram-app-host",
            "assume_role_policy": "{\"Version\":\"2012-10-17\",\"Statement\":[{\"Sid\":\"\",\"Effect\":\"Allow\",\"Principal\":{\"Service\":\"ec2.amazonaws.com\"},\"Action\":\"sts:AssumeRole\"}]}",
            "create_date": "2019-10-17T09:03:09Z",
            "description": "",
            "force_detach_policies": false,
            "id": "udagram-app-host",
            "max_session_duration": 3600,
            "name": "udagram-app-host",
            "name_prefix": null,
            "path": "/",
            "permissions_boundary": null,
            "tags": null,
            "unique_id": "AROASN3QYCZ5ABMCVZ3GJ"
          },
          "private": "bnVsbA=="
        }
      ]
    },
    {
      "mode": "managed",
      "type": "aws_iam_role_policy",
      "name": "policy",
      "provider": "provider.aws",
      "instances": [
        {
          "schema_version": 0,
          "attributes": {
            "id": "udagram-app-host:udagram-app-host",
            "name": "udagram-app-host",
            "name_prefix": null,
            "policy": "{\n  \"Version\": \"2012-10-17\",\n  \"Statement\": [\n    {\n      \"Effect\": \"Allow\",\n      \"Action\": [\"ec2:*\"],\n      \"Resource\": [\"*\"]\n    },\n    {\n      \"Effect\": \"Allow\",\n      \"Action\": [\"elasticloadbalancing:*\"],\n      \"Resource\": [\"*\"]\n    }\n  ]\n}\n",
            "role": "udagram-app-host"
          },
          "private": "bnVsbA==",
          "depends_on": [
            "aws_iam_role.role"
          ]
        }
      ]
    },
    {
      "mode": "managed",
      "type": "aws_instance",
      "name": "control_plane",
      "each": "list",
      "provider": "provider.aws",
      "instances": [
        {
          "index_key": 0,
          "schema_version": 1,
          "attributes": {
            "ami": "ami-06aaed47c3fb20f64",
            "arn": "arn:aws:ec2:eu-west-3:167203313274:instance/i-089a6e87940948fc5",
            "associate_public_ip_address": true,
            "availability_zone": "eu-west-3a",
            "cpu_core_count": 1,
            "cpu_threads_per_core": 2,
            "credit_specification": [
              {
                "cpu_credits": "unlimited"
              }
            ],
            "disable_api_termination": false,
            "ebs_block_device": [],
            "ebs_optimized": true,
            "ephemeral_block_device": [],
            "get_password_data": false,
            "host_id": null,
            "iam_instance_profile": "udagram-app-host",
            "id": "i-089a6e87940948fc5",
            "instance_initiated_shutdown_behavior": null,
            "instance_state": "running",
            "instance_type": "t3.medium",
            "ipv6_address_count": 0,
            "ipv6_addresses": [],
            "key_name": "udagram-app-deployer-key",
            "monitoring": false,
            "network_interface": [],
            "network_interface_id": null,
            "password_data": "",
            "placement_group": "",
            "primary_network_interface_id": "eni-02bf6cd6661203d8a",
            "private_dns": "ip-172-31-4-140.eu-west-3.compute.internal",
            "private_ip": "172.31.4.140",
            "public_dns": "ec2-52-47-141-214.eu-west-3.compute.amazonaws.com",
            "public_ip": "52.47.141.214",
            "root_block_device": [
              {
                "delete_on_termination": true,
                "encrypted": false,
                "iops": 300,
                "kms_key_id": "",
                "volume_id": "vol-0ce4e8f1e1aa67017",
                "volume_size": 100,
                "volume_type": "gp2"
              }
            ],
            "security_groups": [
              "udagram-app-common",
              "udagram-app-control_planes"
            ],
            "source_dest_check": true,
            "subnet_id": "subnet-aec764c7",
            "tags": {
              "Name": "udagram-app-control_plane-1",
              "kubernetes.io/cluster/udagram-app": "shared"
            },
            "tenancy": "default",
            "timeouts": null,
            "user_data": null,
            "user_data_base64": null,
            "volume_tags": {},
            "vpc_security_group_ids": [
              "sg-022fb01b936731a98",
              "sg-09eb0046dd762ba95"
            ]
          },
          "private": "eyJlMmJmYjczMC1lY2FhLTExZTYtOGY4OC0zNDM2M2JjN2M0YzAiOnsiY3JlYXRlIjo2MDAwMDAwMDAwMDAsImRlbGV0ZSI6MTIwMDAwMDAwMDAwMCwidXBkYXRlIjo2MDAwMDAwMDAwMDB9LCJzY2hlbWFfdmVyc2lvbiI6IjEifQ==",
          "depends_on": [
            "aws_iam_instance_profile.profile",
            "aws_key_pair.deployer",
            "aws_security_group.common",
            "aws_security_group.control_plane",
            "data.aws_availability_zones.available"
          ]
        },
        {
          "index_key": 1,
          "schema_version": 1,
          "attributes": {
            "ami": "ami-06aaed47c3fb20f64",
            "arn": "arn:aws:ec2:eu-west-3:167203313274:instance/i-0c8c23e8c7ee2524b",
            "associate_public_ip_address": true,
            "availability_zone": "eu-west-3b",
            "cpu_core_count": 1,
            "cpu_threads_per_core": 2,
            "credit_specification": [
              {
                "cpu_credits": "unlimited"
              }
            ],
            "disable_api_termination": false,
            "ebs_block_device": [],
            "ebs_optimized": true,
            "ephemeral_block_device": [],
            "get_password_data": false,
            "host_id": null,
            "iam_instance_profile": "udagram-app-host",
            "id": "i-0c8c23e8c7ee2524b",
            "instance_initiated_shutdown_behavior": null,
            "instance_state": "running",
            "instance_type": "t3.medium",
            "ipv6_address_count": 0,
            "ipv6_addresses": [],
            "key_name": "udagram-app-deployer-key",
            "monitoring": false,
            "network_interface": [],
            "network_interface_id": null,
            "password_data": "",
            "placement_group": "",
            "primary_network_interface_id": "eni-034343e015b85574f",
            "private_dns": "ip-172-31-29-164.eu-west-3.compute.internal",
            "private_ip": "172.31.29.164",
            "public_dns": "ec2-35-181-58-103.eu-west-3.compute.amazonaws.com",
            "public_ip": "35.181.58.103",
            "root_block_device": [
              {
                "delete_on_termination": true,
                "encrypted": false,
                "iops": 300,
                "kms_key_id": "",
                "volume_id": "vol-06b80aeb8dac12763",
                "volume_size": 100,
                "volume_type": "gp2"
              }
            ],
            "security_groups": [
              "udagram-app-common",
              "udagram-app-control_planes"
            ],
            "source_dest_check": true,
            "subnet_id": "subnet-60884d1b",
            "tags": {
              "Name": "udagram-app-control_plane-2",
              "kubernetes.io/cluster/udagram-app": "shared"
            },
            "tenancy": "default",
            "timeouts": null,
            "user_data": null,
            "user_data_base64": null,
            "volume_tags": {},
            "vpc_security_group_ids": [
              "sg-022fb01b936731a98",
              "sg-09eb0046dd762ba95"
            ]
          },
          "private": "eyJlMmJmYjczMC1lY2FhLTExZTYtOGY4OC0zNDM2M2JjN2M0YzAiOnsiY3JlYXRlIjo2MDAwMDAwMDAwMDAsImRlbGV0ZSI6MTIwMDAwMDAwMDAwMCwidXBkYXRlIjo2MDAwMDAwMDAwMDB9LCJzY2hlbWFfdmVyc2lvbiI6IjEifQ==",
          "depends_on": [
            "aws_iam_instance_profile.profile",
            "aws_key_pair.deployer",
            "aws_security_group.common",
            "aws_security_group.control_plane",
            "data.aws_availability_zones.available"
          ]
        },
        {
          "index_key": 2,
          "schema_version": 1,
          "attributes": {
            "ami": "ami-06aaed47c3fb20f64",
            "arn": "arn:aws:ec2:eu-west-3:167203313274:instance/i-09bc25edcab8e6e68",
            "associate_public_ip_address": true,
            "availability_zone": "eu-west-3c",
            "cpu_core_count": 1,
            "cpu_threads_per_core": 2,
            "credit_specification": [
              {
                "cpu_credits": "unlimited"
              }
            ],
            "disable_api_termination": false,
            "ebs_block_device": [],
            "ebs_optimized": true,
            "ephemeral_block_device": [],
            "get_password_data": false,
            "host_id": null,
            "iam_instance_profile": "udagram-app-host",
            "id": "i-09bc25edcab8e6e68",
            "instance_initiated_shutdown_behavior": null,
            "instance_state": "running",
            "instance_type": "t3.medium",
            "ipv6_address_count": 0,
            "ipv6_addresses": [],
            "key_name": "udagram-app-deployer-key",
            "monitoring": false,
            "network_interface": [],
            "network_interface_id": null,
            "password_data": "",
            "placement_group": "",
            "primary_network_interface_id": "eni-0bc5ff30b8be68758",
            "private_dns": "ip-172-31-43-111.eu-west-3.compute.internal",
            "private_ip": "172.31.43.111",
            "public_dns": "ec2-15-188-65-163.eu-west-3.compute.amazonaws.com",
            "public_ip": "15.188.65.163",
            "root_block_device": [
              {
                "delete_on_termination": true,
                "encrypted": false,
                "iops": 300,
                "kms_key_id": "",
                "volume_id": "vol-06bc01262923ba38d",
                "volume_size": 100,
                "volume_type": "gp2"
              }
            ],
            "security_groups": [
              "udagram-app-common",
              "udagram-app-control_planes"
            ],
            "source_dest_check": true,
            "subnet_id": "subnet-142e315e",
            "tags": {
              "Name": "udagram-app-control_plane-3",
              "kubernetes.io/cluster/udagram-app": "shared"
            },
            "tenancy": "default",
            "timeouts": null,
            "user_data": null,
            "user_data_base64": null,
            "volume_tags": {},
            "vpc_security_group_ids": [
              "sg-022fb01b936731a98",
              "sg-09eb0046dd762ba95"
            ]
          },
          "private": "eyJlMmJmYjczMC1lY2FhLTExZTYtOGY4OC0zNDM2M2JjN2M0YzAiOnsiY3JlYXRlIjo2MDAwMDAwMDAwMDAsImRlbGV0ZSI6MTIwMDAwMDAwMDAwMCwidXBkYXRlIjo2MDAwMDAwMDAwMDB9LCJzY2hlbWFfdmVyc2lvbiI6IjEifQ==",
          "depends_on": [
            "aws_iam_instance_profile.profile",
            "aws_key_pair.deployer",
            "aws_security_group.common",
            "aws_security_group.control_plane",
            "data.aws_availability_zones.available"
          ]
        }
      ]
    },
    {
      "mode": "managed",
      "type": "aws_key_pair",
      "name": "deployer",
      "provider": "provider.aws",
      "instances": [
        {
          "schema_version": 1,
          "attributes": {
            "fingerprint": "e1:eb:44:ad:5b:27:65:00:c5:d1:8b:71:23:98:84:20",
            "id": "udagram-app-deployer-key",
            "key_name": "udagram-app-deployer-key",
            "key_name_prefix": null,
            "public_key": "ssh-rsa AAAAB3NzaC1yc2EAAAADAQABAAABAQDDT0R6KI7j5t8hsBiiw5mgRMwSjkuR8v/Pa5neLMGHsZkqZENHkAV8xxiFPrxJVIcwZquC01oan8z57VqE2qDr8IeO/IN684vofKMKtrTCBToaMMTuiZXjCjleHGWHWK5so2//bCW/HTkas8Ob8d3PdZh6IOAyAgtsc8CFvBrPnfJWmd73C+XrZkLxFvS3wmK6bXKv5JRK9m9fazGuKobMKmvaa1nv5C7WJqNW3W4+wm6ZwS3sUvXWojrZP/Uu35jypy4gwqsv0zZ3yz/3DhGXaeRk890ygzQF7DPJrJUtnHKAZhyBtMoMWsUb86c6G3YHbLDe7WgSf5jWuS9243r3 adipster@adipster-Predator-G3-710"
          },
          "private": "eyJzY2hlbWFfdmVyc2lvbiI6IjEifQ=="
        }
      ]
    },
    {
      "mode": "managed",
      "type": "aws_lb",
      "name": "control_plane",
      "provider": "provider.aws",
      "instances": [
        {
          "schema_version": 0,
          "attributes": {
            "access_logs": [
              {
                "bucket": "",
                "enabled": false,
                "prefix": ""
              }
            ],
            "arn": "arn:aws:elasticloadbalancing:eu-west-3:167203313274:loadbalancer/net/udagram-app-api-lb/062af00b6217ba54",
            "arn_suffix": "net/udagram-app-api-lb/062af00b6217ba54",
            "dns_name": "udagram-app-api-lb-062af00b6217ba54.elb.eu-west-3.amazonaws.com",
            "enable_cross_zone_load_balancing": false,
            "enable_deletion_protection": false,
            "enable_http2": null,
            "id": "arn:aws:elasticloadbalancing:eu-west-3:167203313274:loadbalancer/net/udagram-app-api-lb/062af00b6217ba54",
            "idle_timeout": null,
            "internal": false,
            "ip_address_type": "ipv4",
            "load_balancer_type": "network",
            "name": "udagram-app-api-lb",
            "name_prefix": null,
            "security_groups": [],
            "subnet_mapping": [
              {
                "allocation_id": "",
                "subnet_id": "subnet-142e315e"
              },
              {
                "allocation_id": "",
                "subnet_id": "subnet-60884d1b"
              },
              {
                "allocation_id": "",
                "subnet_id": "subnet-aec764c7"
              }
            ],
            "subnets": [
              "subnet-142e315e",
              "subnet-60884d1b",
              "subnet-aec764c7"
            ],
            "tags": {
              "Cluster": "udagram-app",
              "kubernetes.io/cluster/udagram-app": "shared"
            },
            "timeouts": null,
            "vpc_id": "vpc-6359f80a",
            "zone_id": "Z1CMS0P5QUZ6D5"
          },
          "private": "eyJlMmJmYjczMC1lY2FhLTExZTYtOGY4OC0zNDM2M2JjN2M0YzAiOnsiY3JlYXRlIjo2MDAwMDAwMDAwMDAsImRlbGV0ZSI6NjAwMDAwMDAwMDAwLCJ1cGRhdGUiOjYwMDAwMDAwMDAwMH19"
        }
      ]
    },
    {
      "mode": "managed",
      "type": "aws_lb_listener",
      "name": "control_plane_api",
      "provider": "provider.aws",
      "instances": [
        {
          "schema_version": 0,
          "attributes": {
            "arn": "arn:aws:elasticloadbalancing:eu-west-3:167203313274:listener/net/udagram-app-api-lb/062af00b6217ba54/925e3480e3869b3c",
            "certificate_arn": null,
            "default_action": [
              {
                "authenticate_cognito": [],
                "authenticate_oidc": [],
                "fixed_response": [],
                "order": 1,
                "redirect": [],
                "target_group_arn": "arn:aws:elasticloadbalancing:eu-west-3:167203313274:targetgroup/udagram-app-api/d33390f70f0f739e",
                "type": "forward"
              }
            ],
            "id": "arn:aws:elasticloadbalancing:eu-west-3:167203313274:listener/net/udagram-app-api-lb/062af00b6217ba54/925e3480e3869b3c",
            "load_balancer_arn": "arn:aws:elasticloadbalancing:eu-west-3:167203313274:loadbalancer/net/udagram-app-api-lb/062af00b6217ba54",
            "port": 6443,
            "protocol": "TCP",
            "ssl_policy": "",
            "timeouts": null
          },
          "private": "eyJlMmJmYjczMC1lY2FhLTExZTYtOGY4OC0zNDM2M2JjN2M0YzAiOnsicmVhZCI6NjAwMDAwMDAwMDAwfX0=",
          "depends_on": [
            "aws_lb.control_plane",
            "aws_lb_target_group.control_plane_api"
          ]
        }
      ]
    },
    {
      "mode": "managed",
      "type": "aws_lb_target_group",
      "name": "control_plane_api",
      "provider": "provider.aws",
      "instances": [
        {
          "schema_version": 0,
          "attributes": {
            "arn": "arn:aws:elasticloadbalancing:eu-west-3:167203313274:targetgroup/udagram-app-api/d33390f70f0f739e",
            "arn_suffix": "targetgroup/udagram-app-api/d33390f70f0f739e",
            "deregistration_delay": 300,
            "health_check": [
              {
                "enabled": true,
                "healthy_threshold": 3,
                "interval": 30,
                "matcher": "",
                "path": "",
                "port": "traffic-port",
                "protocol": "TCP",
                "timeout": 10,
                "unhealthy_threshold": 3
              }
            ],
            "id": "arn:aws:elasticloadbalancing:eu-west-3:167203313274:targetgroup/udagram-app-api/d33390f70f0f739e",
            "lambda_multi_value_headers_enabled": false,
            "name": "udagram-app-api",
            "name_prefix": null,
            "port": 6443,
            "protocol": "TCP",
            "proxy_protocol_v2": false,
            "slow_start": 0,
            "stickiness": [],
            "tags": null,
            "target_type": "instance",
            "vpc_id": "vpc-6359f80a"
          },
          "private": "bnVsbA=="
        }
      ]
    },
    {
      "mode": "managed",
      "type": "aws_lb_target_group_attachment",
      "name": "control_plane_api",
      "each": "list",
      "provider": "provider.aws",
      "instances": [
        {
          "index_key": 0,
          "schema_version": 0,
          "attributes": {
            "availability_zone": null,
            "id": "arn:aws:elasticloadbalancing:eu-west-3:167203313274:targetgroup/udagram-app-api/d33390f70f0f739e-20191017090507221900000001",
            "port": 6443,
            "target_group_arn": "arn:aws:elasticloadbalancing:eu-west-3:167203313274:targetgroup/udagram-app-api/d33390f70f0f739e",
            "target_id": "i-089a6e87940948fc5"
          },
          "private": "bnVsbA==",
          "depends_on": [
            "aws_instance.control_plane",
            "aws_lb_target_group.control_plane_api"
          ]
        },
        {
          "index_key": 1,
          "schema_version": 0,
          "attributes": {
            "availability_zone": null,
            "id": "arn:aws:elasticloadbalancing:eu-west-3:167203313274:targetgroup/udagram-app-api/d33390f70f0f739e-20191017090507268800000003",
            "port": 6443,
            "target_group_arn": "arn:aws:elasticloadbalancing:eu-west-3:167203313274:targetgroup/udagram-app-api/d33390f70f0f739e",
            "target_id": "i-0c8c23e8c7ee2524b"
          },
          "private": "bnVsbA==",
          "depends_on": [
            "aws_instance.control_plane",
            "aws_lb_target_group.control_plane_api"
          ]
        },
        {
          "index_key": 2,
          "schema_version": 0,
          "attributes": {
            "availability_zone": null,
            "id": "arn:aws:elasticloadbalancing:eu-west-3:167203313274:targetgroup/udagram-app-api/d33390f70f0f739e-20191017090507227800000002",
            "port": 6443,
            "target_group_arn": "arn:aws:elasticloadbalancing:eu-west-3:167203313274:targetgroup/udagram-app-api/d33390f70f0f739e",
            "target_id": "i-09bc25edcab8e6e68"
          },
          "private": "bnVsbA==",
          "depends_on": [
            "aws_instance.control_plane",
            "aws_lb_target_group.control_plane_api"
          ]
        }
      ]
    },
    {
      "mode": "managed",
      "type": "aws_security_group",
      "name": "common",
      "provider": "provider.aws",
      "instances": [
        {
          "schema_version": 1,
          "attributes": {
            "arn": "arn:aws:ec2:eu-west-3:167203313274:security-group/sg-09eb0046dd762ba95",
            "description": "cluster common rules",
            "egress": [
              {
                "cidr_blocks": [
                  "0.0.0.0/0"
                ],
                "description": "",
                "from_port": 0,
                "ipv6_cidr_blocks": [],
                "prefix_list_ids": [],
                "protocol": "-1",
                "security_groups": [],
                "self": false,
                "to_port": 0
              }
            ],
            "id": "sg-09eb0046dd762ba95",
            "ingress": [
              {
                "cidr_blocks": [
                  "0.0.0.0/0"
                ],
                "description": "",
                "from_port": 22,
                "ipv6_cidr_blocks": [],
                "prefix_list_ids": [],
                "protocol": "tcp",
                "security_groups": [],
                "self": false,
                "to_port": 22
              },
              {
                "cidr_blocks": [],
                "description": "",
                "from_port": 0,
                "ipv6_cidr_blocks": [],
                "prefix_list_ids": [],
                "protocol": "-1",
                "security_groups": [],
                "self": true,
                "to_port": 0
              }
            ],
            "name": "udagram-app-common",
            "name_prefix": null,
            "owner_id": "167203313274",
            "revoke_rules_on_delete": false,
            "tags": {
              "kubernetes.io/cluster/udagram-app": "shared"
            },
            "timeouts": null,
            "vpc_id": "vpc-6359f80a"
          },
          "private": "eyJlMmJmYjczMC1lY2FhLTExZTYtOGY4OC0zNDM2M2JjN2M0YzAiOnsiY3JlYXRlIjo2MDAwMDAwMDAwMDAsImRlbGV0ZSI6NjAwMDAwMDAwMDAwfSwic2NoZW1hX3ZlcnNpb24iOiIxIn0="
        }
      ]
    },
    {
      "mode": "managed",
      "type": "aws_security_group",
      "name": "control_plane",
      "provider": "provider.aws",
      "instances": [
        {
          "schema_version": 1,
          "attributes": {
            "arn": "arn:aws:ec2:eu-west-3:167203313274:security-group/sg-022fb01b936731a98",
            "description": "cluster control_planes",
            "egress": [],
            "id": "sg-022fb01b936731a98",
            "ingress": [
              {
                "cidr_blocks": [
                  "0.0.0.0/0"
                ],
                "description": "",
                "from_port": 6443,
                "ipv6_cidr_blocks": [],
                "prefix_list_ids": [],
                "protocol": "tcp",
                "security_groups": [],
                "self": false,
                "to_port": 6443
              }
            ],
            "name": "udagram-app-control_planes",
            "name_prefix": null,
            "owner_id": "167203313274",
            "revoke_rules_on_delete": false,
            "tags": {
              "kubernetes.io/cluster/udagram-app": "shared"
            },
            "timeouts": null,
            "vpc_id": "vpc-6359f80a"
          },
          "private": "eyJlMmJmYjczMC1lY2FhLTExZTYtOGY4OC0zNDM2M2JjN2M0YzAiOnsiY3JlYXRlIjo2MDAwMDAwMDAwMDAsImRlbGV0ZSI6NjAwMDAwMDAwMDAwfSwic2NoZW1hX3ZlcnNpb24iOiIxIn0="
        }
      ]
    }
  ]
}
